
Microsoft Visual Studio Solution File, Format Version 12.00
# Visual Studio Version 17
VisualStudioVersion = 17.9.34728.123
MinimumVisualStudioVersion = 10.0.40219.1
Project("{FAE04EC0-301F-11D3-BF4B-00C04F79EFBC}") = "WebApi", "SplititHomeAssignment\WebApi.csproj", "{09FB8694-54A4-4EE7-8943-0EE34D65D1FC}"
EndProject
Project("{FAE04EC0-301F-11D3-BF4B-00C04F79EFBC}") = "Domain", "Domain\Domain.csproj", "{EEBF49A4-03BF-41EE-8F5D-87C4EB8BA133}"
EndProject
Project("{FAE04EC0-301F-11D3-BF4B-00C04F79EFBC}") = "Application", "Application\Application.csproj", "{F37A1289-C279-4C34-AEFA-1E6AC80631E1}"
EndProject
Project("{FAE04EC0-301F-11D3-BF4B-00C04F79EFBC}") = "Infrastructure", "Infrastructure\Infrastructure.csproj", "{D5C4C346-604C-4D30-B5CE-56BE3B350534}"
EndProject
Project("{FAE04EC0-301F-11D3-BF4B-00C04F79EFBC}") = "Presentation", "Presentation\Presentation.csproj", "{72F64235-26FB-4F4C-AFAB-A3A2563E812E}"
EndProject
Global
	GlobalSection(SolutionConfigurationPlatforms) = preSolution
		Debug|Any CPU = Debug|Any CPU
		Release|Any CPU = Release|Any CPU
	EndGlobalSection
	GlobalSection(ProjectConfigurationPlatforms) = postSolution
		{09FB8694-54A4-4EE7-8943-0EE34D65D1FC}.Debug|Any CPU.ActiveCfg = Debug|Any CPU
		{09FB8694-54A4-4EE7-8943-0EE34D65D1FC}.Debug|Any CPU.Build.0 = Debug|Any CPU
		{09FB8694-54A4-4EE7-8943-0EE34D65D1FC}.Release|Any CPU.ActiveCfg = Release|Any CPU
		{09FB8694-54A4-4EE7-8943-0EE34D65D1FC}.Release|Any CPU.Build.0 = Release|Any CPU
		{EEBF49A4-03BF-41EE-8F5D-87C4EB8BA133}.Debug|Any CPU.ActiveCfg = Debug|Any CPU
		{EEBF49A4-03BF-41EE-8F5D-87C4EB8BA133}.Debug|Any CPU.Build.0 = Debug|Any CPU
		{EEBF49A4-03BF-41EE-8F5D-87C4EB8BA133}.Release|Any CPU.ActiveCfg = Release|Any CPU
		{EEBF49A4-03BF-41EE-8F5D-87C4EB8BA133}.Release|Any CPU.Build.0 = Release|Any CPU
		{F37A1289-C279-4C34-AEFA-1E6AC80631E1}.Debug|Any CPU.ActiveCfg = Debug|Any CPU
		{F37A1289-C279-4C34-AEFA-1E6AC80631E1}.Debug|Any CPU.Build.0 = Debug|Any CPU
		{F37A1289-C279-4C34-AEFA-1E6AC80631E1}.Release|Any CPU.ActiveCfg = Release|Any CPU
		{F37A1289-C279-4C34-AEFA-1E6AC80631E1}.Release|Any CPU.Build.0 = Release|Any CPU
		{D5C4C346-604C-4D30-B5CE-56BE3B350534}.Debug|Any CPU.ActiveCfg = Debug|Any CPU
		{D5C4C346-604C-4D30-B5CE-56BE3B350534}.Debug|Any CPU.Build.0 = Debug|Any CPU
		{D5C4C346-604C-4D30-B5CE-56BE3B350534}.Release|Any CPU.ActiveCfg = Release|Any CPU
		{D5C4C346-604C-4D30-B5CE-56BE3B350534}.Release|Any CPU.Build.0 = Release|Any CPU
		{72F64235-26FB-4F4C-AFAB-A3A2563E812E}.Debug|Any CPU.ActiveCfg = Debug|Any CPU
		{72F64235-26FB-4F4C-AFAB-A3A2563E812E}.Debug|Any CPU.Build.0 = Debug|Any CPU
		{72F64235-26FB-4F4C-AFAB-A3A2563E812E}.Release|Any CPU.ActiveCfg = Release|Any CPU
		{72F64235-26FB-4F4C-AFAB-A3A2563E812E}.Release|Any CPU.Build.0 = Release|Any CPU
	EndGlobalSection
	GlobalSection(SolutionProperties) = preSolution
		HideSolutionNode = FALSE
	EndGlobalSection
	GlobalSection(ExtensibilityGlobals) = postSolution
		SolutionGuid = {F91A91E2-0890-45E6-815C-79D418864A0E}
	EndGlobalSection
EndGlobal
